github.com/appscode/go v0.0.0-20180312044318-f8f2e1c7d2d1 h1:LmcAnO9n6yok8XsFsX4C06JjYGLIJ8QnETniPhyTSms=
github.com/appscode/go v0.0.0-20180312044318-f8f2e1c7d2d1/go.mod h1:O1VFFWPLq4PRmLv7Fp1G4VJghyYS9eAkaMW2M2hh4hI=
github.com/appscode/grpc-gateway v1.3.1-ac h1:vXjBGajqFwS9wmA5mZrB4VUoCm+BfmO5oJNnKTIcltI=
github.com/appscode/grpc-gateway v1.3.1-ac/go.mod h1:H/7gm2qVx9sezfDUUC+/43K9bKENw8vJVLssszbjPMY=
github.com/davecgh/go-spew v0.0.0-20170626231645-782f4967f2dc h1:0A0n6a0Y3vW5ktoWKC+ggkGXRzMJWMvqIYlFmsjwQzY=
github.com/davecgh/go-spew v0.0.0-20170626231645-782f4967f2dc/go.mod h1:J7Y8YcW2NihsgmVo/mv3lAwl/skON4iLHjSsI+c5H38=
github.com/golang/glog v0.0.0-20141105023935-44145f04b68c h1:CbdkBQ1/PiAo0FYJhQGwASD8wrgNvTdf01g6+O9tNuA=
github.com/golang/glog v0.0.0-20141105023935-44145f04b68c/go.mod h1:SBH7ygxi8pfUlaOkMMuAQtPIUF8ecWP5IEl/CR7VP2Q=
github.com/golang/protobuf v0.0.0-20171021043952-1643683e1b54 h1:nRNJXiJvemchkOTn0V4U11TZkvacB94gTzbTZbSA7Rw=
github.com/golang/protobuf v0.0.0-20171021043952-1643683e1b54/go.mod h1:6lQm79b+lXiMfvg/cZm0SGofjICqVBUtrP5yJMmIC1U=
github.com/google/uuid v0.0.0-20171129191014-dec09d789f3d/go.mod h1:TIyPZe4MgqvfeYDBFedMoGGpEw/LqOeaOT+nhxU+yHo=
github.com/pkg/errors v0.8.0/go.mod h1:bwawxfHBFNV+L2hUp1rHADufV3IMtnDRdf1r5NINEl0=
github.com/pmezard/go-difflib v0.0.0-20151028094244-d8ed2627bdf0 h1:GD+A8+e+wFkqje55/2fOVnZPkoDIu1VooBWfNrnY8Uo=
github.com/pmezard/go-difflib v0.0.0-20151028094244-d8ed2627bdf0/go.mod h1:iKH77koFhYxTK1pcRnkKkqfTogsbg7gZNVY4sRDYZ/4=
github.com/soheilhy/cmux v0.1.4 h1:0HKaf1o97UwFjHH9o5XsHUOF+tqmdA7KEzXLpiyaw0E=
github.com/soheilhy/cmux v0.1.4/go.mod h1:IM3LyeVVIOuxMH7sFAkER9+bJ4dT7Ms6E4xg4kGIyLM=
github.com/spf13/pflag v1.0.0 h1:oaPbdDe/x0UncahuwiPxW1GYJyilRAdsPnq3e1yaPcI=
github.com/spf13/pflag v1.0.0/go.mod h1:DYY7MBk1bdzusC3SYhjObp+wFpr4gzcvqqNjLnInEg4=
github.com/stretchr/testify v1.2.1 h1:52QO5WkIUcHGIR7EnGagH88x1bUzqGXTC5/1bDTUQ7U=
github.com/stretchr/testify v1.2.1/go.mod h1:a8OnRcib4nhh0OaRAV+Yts87kKdq0PP7pXfy6kDkUVs=
github.com/xeipuuv/gojsonpointer v0.0.0-20151027082146-e0fe6f683076 h1:KM4T3G70MiR+JtqplcYkNVoNz7pDwYaBxWBXQK804So=
github.com/xeipuuv/gojsonpointer v0.0.0-20151027082146-e0fe6f683076/go.mod h1:N2zxlSyiKSe5eX1tZViRH5QA0qijqEDrYZiPEAiq3wU=
github.com/xeipuuv/gojsonreference v0.0.0-20150808065054-e02fc20de94c h1:XZWnr3bsDQWAZg4Ne+cPoXRPILrNlPNQfxBuwLl43is=
github.com/xeipuuv/gojsonreference v0.0.0-20150808065054-e02fc20de94c/go.mod h1:GwrjFmJcFw6At/Gs6z4yjiIwzuJ1/+UwLxMQDVQXShQ=
github.com/xeipuuv/gojsonschema v0.0.0-20160323030313-93e72a773fad h1:LIwN+8bLzKvIuCiV5yT1nICcW/8yNfU5jVV1SHhcPco=
github.com/xeipuuv/gojsonschema v0.0.0-20160323030313-93e72a773fad/go.mod h1:5yf86TLmAcydyeJq5YvxkGPE2fm/u4myDekKRoLuqhs=
golang.org/x/net v0.0.0-20170809000501-1c05540f6879 h1:0rFa7EaCGdQPmZVbo9F7MNF65b8dyzS6EUnXjs9Cllk=
golang.org/x/net v0.0.0-20170809000501-1c05540f6879/go.mod h1:mL1N/T3taQHkDXs73rZJwtUhF3w3ftmwwsq0BUmARs4=
golang.org/x/sync v0.0.0-20180314180146-1d60e4601c6f/go.mod h1:RxMgew5VJxzue5/jJTE5uejpjVlOe/izrB70Jof72aM=
golang.org/x/text v0.0.0-20170810154203-b19bf474d317/go.mod h1:NqM8EUOU14njkJ3fqMW+pc6Ldnwhi/IjpwHt7yyuwOQ=
google.golang.org/genproto v0.0.0-20170731182057-09f6ed296fc6/go.mod h1:JiN7NxoALGmiZfu7CAH4rXhgtRTLTxftemlI0sWmxmc=
google.golang.org/grpc v1.9.2 h1:roJ2Fad4PmV4LRO8LF7CFuMU23BAliEqJHQXv2BW+ng=
google.golang.org/grpc v1.9.2/go.mod h1:yo6s7OP7yaDglbqo1J04qKzAhqBH6lvTonzMVmEdcZw=
